{
  "pins" : [
    {
      "identity" : "ffmpegkit",
      "kind" : "remoteSourceControl",
      "location" : "https://github.com/Duskfall/FFmpegKit.git",
      "state" : {
        "branch" : "main",
        "revision" : "a9c6f6bd8e070c6aab4492431f5f1bd37327ffe0"
      }
    }
  ],
  "version" : 2
}
