{
  "pins" : [
    {
      "identity" : "ffmpegkit",
      "kind" : "remoteSourceControl",
      "location" : "https://github.com/Duskfall/FFmpegKit.git",
      "state" : {
        "branch" : "main",
        "revision" : "986f54d0af871836ca0d8dd69a64717acc113a66"
      }
    }
  ],
  "version" : 2
}
